<?xml version="1.0" encoding="utf-8"?>
<Project ToolsVersion="4.0" xmlns="http://schemas.microsoft.com/developer/msbuild/2003">
  <ItemGroup>
    <ClInclude Include="Resource.h">
      <Filter>win32</Filter>
    </ClInclude>
    <ClInclude Include="targetver.h">
      <Filter>win32</Filter>
    </ClInclude>
    <ClInclude Include="main.h" />
    <ClInclude Include="Renderer\renderer.h">
      <Filter>renderer</Filter>
    </ClInclude>
    <ClInclude Include="Renderer\renderer_common.h">
      <Filter>renderer</Filter>
    </ClInclude>
    <ClInclude Include="Renderer\allocator_cpu.h">
      <Filter>renderer</Filter>
    </ClInclude>
    <ClInclude Include="win_handle.h">
      <Filter>win32</Filter>
    </ClInclude>
    <ClInclude Include="renderer\debugger.h">
      <Filter>renderer</Filter>
    </ClInclude>
    <ClInclude Include="pch.h" />
    <ClInclude Include="renderer\renderer_util.h">
      <Filter>renderer</Filter>
    </ClInclude>
    <ClInclude Include="renderer\allocator_vma.h">
      <Filter>renderer</Filter>
    </ClInclude>
    <ClInclude Include="renderer\physical.h">
      <Filter>renderer</Filter>
    </ClInclude>
    <ClInclude Include="renderer\surface.h">
      <Filter>renderer</Filter>
    </ClInclude>
    <ClInclude Include="util\util_file.h">
      <Filter>util</Filter>
    </ClInclude>
    <ClInclude Include="util\util_output.h">
      <Filter>util</Filter>
    </ClInclude>
    <ClInclude Include="util\util_path.h">
      <Filter>util</Filter>
    </ClInclude>
    <ClInclude Include="util\util_timer.h">
      <Filter>util</Filter>
    </ClInclude>
    <ClInclude Include="renderer\logical.h">
      <Filter>renderer</Filter>
    </ClInclude>
    <ClInclude Include="renderer\renderer_pch.h">
      <Filter>renderer</Filter>
    </ClInclude>
    <ClInclude Include="renderer\render.h">
      <Filter>renderer</Filter>
    </ClInclude>
    <ClInclude Include="renderer\shader.h">
      <Filter>renderer</Filter>
    </ClInclude>
    <ClInclude Include="renderer\image.h">
      <Filter>renderer</Filter>
    </ClInclude>
    <ClInclude Include="renderer\descriptor.h">
      <Filter>renderer</Filter>
    </ClInclude>
    <ClInclude Include="renderer\buffer.h">
      <Filter>renderer</Filter>
    </ClInclude>
  </ItemGroup>
  <ItemGroup>
    <ClCompile Include="win_main.cpp">
      <Filter>win32</Filter>
    </ClCompile>
    <ClCompile Include="main.cpp" />
    <ClCompile Include="Renderer\renderer.cpp">
      <Filter>renderer</Filter>
    </ClCompile>
    <ClCompile Include="Renderer\allocator_cpu.cpp">
      <Filter>renderer</Filter>
    </ClCompile>
    <ClCompile Include="win_handle.cpp">
      <Filter>win32</Filter>
    </ClCompile>
    <ClCompile Include="renderer\debugger.cpp">
      <Filter>renderer</Filter>
    </ClCompile>
    <ClCompile Include="pch.cpp" />
    <ClCompile Include="renderer\renderer_util.cpp">
      <Filter>renderer</Filter>
    </ClCompile>
    <ClCompile Include="renderer\allocator_vma.cpp">
      <Filter>renderer</Filter>
    </ClCompile>
    <ClCompile Include="renderer\physical.cpp">
      <Filter>renderer</Filter>
    </ClCompile>
    <ClCompile Include="renderer\surface.cpp">
      <Filter>renderer</Filter>
    </ClCompile>
    <ClCompile Include="renderer\logical.cpp">
      <Filter>renderer</Filter>
    </ClCompile>
    <ClCompile Include="util\util_file.cpp">
      <Filter>util</Filter>
    </ClCompile>
    <ClCompile Include="util\util_output.cpp">
      <Filter>util</Filter>
    </ClCompile>
    <ClCompile Include="util\util_path.cpp">
      <Filter>util</Filter>
    </ClCompile>
    <ClCompile Include="util\util_timer.cpp">
      <Filter>util</Filter>
    </ClCompile>
    <ClCompile Include="renderer\render.cpp">
      <Filter>renderer</Filter>
    </ClCompile>
    <ClCompile Include="renderer\shader.cpp">
      <Filter>renderer</Filter>
    </ClCompile>
    <ClCompile Include="renderer\image.cpp">
      <Filter>renderer</Filter>
    </ClCompile>
    <ClCompile Include="renderer\descriptor.cpp">
      <Filter>renderer</Filter>
    </ClCompile>
    <ClCompile Include="renderer\buffer.cpp">
      <Filter>renderer</Filter>
    </ClCompile>
  </ItemGroup>
  <ItemGroup>
    <Filter Include="win32">
      <UniqueIdentifier>{cfb32581-cebb-44b7-a5cb-ec91435010ff}</UniqueIdentifier>
    </Filter>
    <Filter Include="renderer">
      <UniqueIdentifier>{42acd7dc-d109-41b1-aa5d-dcacaf2032e7}</UniqueIdentifier>
    </Filter>
    <Filter Include="renderer\shaders">
      <UniqueIdentifier>{be964414-f051-4c21-9693-c52a18a18279}</UniqueIdentifier>
    </Filter>
    <Filter Include="util">
      <UniqueIdentifier>{bdef184c-720a-4241-ba28-1c280d518858}</UniqueIdentifier>
    </Filter>
  </ItemGroup>
  <ItemGroup>
    <ResourceCompile Include="Framework.rc">
      <Filter>win32</Filter>
    </ResourceCompile>
  </ItemGroup>
  <ItemGroup>
    <None Include="resources\shaders\draw.vert">
      <Filter>renderer\shaders</Filter>
    </None>
    <None Include="resources\shaders\draw.frag">
      <Filter>renderer\shaders</Filter>
    </None>
    <None Include="resources\shaders\compile_glsl.bat">
      <Filter>renderer\shaders</Filter>
    </None>
  </ItemGroup>
</Project>