<?xml version="1.0" encoding="utf-8"?>
<Project ToolsVersion="4.0" xmlns="http://schemas.microsoft.com/developer/msbuild/2003">
  <ItemGroup>
    <ClInclude Include="stdafx.h" />
    <ClInclude Include="targetver.h" />
    <ClInclude Include="VkWin.h">
      <Filter>vulkan</Filter>
    </ClInclude>
    <ClInclude Include="VkDebug.h">
      <Filter>vulkan</Filter>
    </ClInclude>
    <ClInclude Include="VkPhysicalDevice.h">
      <Filter>vulkan</Filter>
    </ClInclude>
    <ClInclude Include="VkInstance.h">
      <Filter>vulkan</Filter>
    </ClInclude>
    <ClInclude Include="VkRenderPass.h">
      <Filter>vulkan</Filter>
    </ClInclude>
    <ClInclude Include="VkCommand.h">
      <Filter>vulkan</Filter>
    </ClInclude>
    <ClInclude Include="VkPipelineCache.h">
      <Filter>vulkan</Filter>
    </ClInclude>
    <ClInclude Include="VkMain.h">
      <Filter>vulkan</Filter>
    </ClInclude>
    <ClInclude Include="VkScene.h">
      <Filter>vulkan</Filter>
    </ClInclude>
    <ClInclude Include="VkCubeMap.h">
      <Filter>vulkan</Filter>
    </ClInclude>
    <ClInclude Include="VulkanDevice.h">
      <Filter>vulkan\legacy</Filter>
    </ClInclude>
    <ClInclude Include="VkUtils.h">
      <Filter>vulkan\legacy</Filter>
    </ClInclude>
    <ClInclude Include="VkTexture.h">
      <Filter>vulkan\legacy</Filter>
    </ClInclude>
    <ClInclude Include="VulkanSwapChain.h">
      <Filter>vulkan\legacy</Filter>
    </ClInclude>
    <ClInclude Include="VulkanModel.h">
      <Filter>vulkan\legacy</Filter>
    </ClInclude>
    <ClInclude Include="Timer.h">
      <Filter>utility</Filter>
    </ClInclude>
    <ClInclude Include="Path.h">
      <Filter>utility</Filter>
    </ClInclude>
    <ClInclude Include="VkCamera.h">
      <Filter>vulkan\legacy</Filter>
    </ClInclude>
    <ClInclude Include="VkBuffer.h">
      <Filter>vulkan\legacy</Filter>
    </ClInclude>
    <ClInclude Include="RenderSceneSystem.h">
      <Filter>system</Filter>
    </ClInclude>
    <ClInclude Include="System.h">
      <Filter>system</Filter>
    </ClInclude>
    <ClInclude Include="FrameworkWin.h">
      <Filter>utility</Filter>
    </ClInclude>
  </ItemGroup>
  <ItemGroup>
    <ClCompile Include="stdafx.cpp" />
    <ClCompile Include="main.cpp" />
    <ClCompile Include="VkWin.cpp">
      <Filter>vulkan</Filter>
    </ClCompile>
    <ClCompile Include="VkDebug.cpp">
      <Filter>vulkan</Filter>
    </ClCompile>
    <ClCompile Include="VkInstance.cpp">
      <Filter>vulkan</Filter>
    </ClCompile>
    <ClCompile Include="VkPhysicalDevice.cpp">
      <Filter>vulkan</Filter>
    </ClCompile>
    <ClCompile Include="VkRenderPass.cpp">
      <Filter>vulkan</Filter>
    </ClCompile>
    <ClCompile Include="VkCommand.cpp">
      <Filter>vulkan</Filter>
    </ClCompile>
    <ClCompile Include="VkPipelineCache.cpp">
      <Filter>vulkan</Filter>
    </ClCompile>
    <ClCompile Include="VkMain.cpp">
      <Filter>vulkan</Filter>
    </ClCompile>
    <ClCompile Include="VkScene.cpp">
      <Filter>vulkan</Filter>
    </ClCompile>
    <ClCompile Include="VkCubeMap.cpp">
      <Filter>vulkan</Filter>
    </ClCompile>
    <ClCompile Include="VulkanDevice.cpp">
      <Filter>vulkan\legacy</Filter>
    </ClCompile>
    <ClCompile Include="VkUtils.cpp">
      <Filter>vulkan\legacy</Filter>
    </ClCompile>
    <ClCompile Include="VkTexture.cpp">
      <Filter>vulkan\legacy</Filter>
    </ClCompile>
    <ClCompile Include="VulkanSwapChain.cpp">
      <Filter>vulkan\legacy</Filter>
    </ClCompile>
    <ClCompile Include="VulkanModel.cpp">
      <Filter>vulkan\legacy</Filter>
    </ClCompile>
    <ClCompile Include="Timer.cpp">
      <Filter>utility</Filter>
    </ClCompile>
    <ClCompile Include="Path.cpp">
      <Filter>utility</Filter>
    </ClCompile>
    <ClCompile Include="VkCamera.cpp">
      <Filter>vulkan\legacy</Filter>
    </ClCompile>
    <ClCompile Include="VkBuffer.cpp">
      <Filter>vulkan\legacy</Filter>
    </ClCompile>
    <ClCompile Include="RenderSceneSystem.cpp">
      <Filter>system</Filter>
    </ClCompile>
    <ClCompile Include="System.cpp">
      <Filter>system</Filter>
    </ClCompile>
    <ClCompile Include="FrameworkWin.cpp">
      <Filter>utility</Filter>
    </ClCompile>
  </ItemGroup>
  <ItemGroup>
    <Filter Include="vulkan">
      <UniqueIdentifier>{f385478d-8963-4d9a-9699-7861763e099b}</UniqueIdentifier>
    </Filter>
    <Filter Include="vulkan\legacy">
      <UniqueIdentifier>{8ac65fc8-d66f-4387-979c-44a362bf0693}</UniqueIdentifier>
    </Filter>
    <Filter Include="utility">
      <UniqueIdentifier>{159c6211-d478-4e05-8e59-f0cb5d062e76}</UniqueIdentifier>
    </Filter>
    <Filter Include="system">
      <UniqueIdentifier>{50d193dc-a8c1-4a1e-b3a5-50f197d4d6e5}</UniqueIdentifier>
    </Filter>
    <Filter Include="component">
      <UniqueIdentifier>{7c825ae7-bf2f-4412-92c3-7365635188ff}</UniqueIdentifier>
    </Filter>
  </ItemGroup>
  <ItemGroup>
    <None Include=".gitignore" />
  </ItemGroup>
</Project>