<?xml version="1.0" encoding="utf-8"?>
<Project ToolsVersion="4.0" xmlns="http://schemas.microsoft.com/developer/msbuild/2003">
  <ItemGroup>
    <ClInclude Include="stdafx.h" />
    <ClInclude Include="targetver.h" />
    <ClInclude Include="VkDevice.h">
      <Filter>vulkan</Filter>
    </ClInclude>
    <ClInclude Include="VkCommon.h">
      <Filter>vulkan</Filter>
    </ClInclude>
    <ClInclude Include="VkSwapChain.h">
      <Filter>vulkan</Filter>
    </ClInclude>
    <ClInclude Include="VkCamera.h">
      <Filter>vulkan</Filter>
    </ClInclude>
    <ClInclude Include="VkTexture.h">
      <Filter>vulkan</Filter>
    </ClInclude>
    <ClInclude Include="VkModel.h">
      <Filter>vulkan</Filter>
    </ClInclude>
    <ClInclude Include="VkUtils.h">
      <Filter>vulkan</Filter>
    </ClInclude>
    <ClInclude Include="VkWin.h">
      <Filter>vulkan</Filter>
    </ClInclude>
    <ClInclude Include="VkDebug.h">
      <Filter>vulkan</Filter>
    </ClInclude>
    <ClInclude Include="VkPhysicalDevice.h">
      <Filter>vulkan</Filter>
    </ClInclude>
    <ClInclude Include="VkInstance.h">
      <Filter>vulkan</Filter>
    </ClInclude>
    <ClInclude Include="VkRenderPass.h">
      <Filter>vulkan</Filter>
    </ClInclude>
    <ClInclude Include="VkCommand.h">
      <Filter>vulkan</Filter>
    </ClInclude>
    <ClInclude Include="VkPipelineCache.h">
      <Filter>vulkan</Filter>
    </ClInclude>
    <ClInclude Include="VkMain.h">
      <Filter>vulkan</Filter>
    </ClInclude>
    <ClInclude Include="VkScene.h">
      <Filter>vulkan</Filter>
    </ClInclude>
    <ClInclude Include="VkFramework.h">
      <Filter>vulkan</Filter>
    </ClInclude>
    <ClInclude Include="VkBuffer.h">
      <Filter>vulkan</Filter>
    </ClInclude>
  </ItemGroup>
  <ItemGroup>
    <ClCompile Include="stdafx.cpp" />
    <ClCompile Include="main.cpp" />
    <ClCompile Include="VkWin.cpp">
      <Filter>vulkan</Filter>
    </ClCompile>
    <ClCompile Include="VkDebug.cpp">
      <Filter>vulkan</Filter>
    </ClCompile>
    <ClCompile Include="VkInstance.cpp">
      <Filter>vulkan</Filter>
    </ClCompile>
    <ClCompile Include="VkPhysicalDevice.cpp">
      <Filter>vulkan</Filter>
    </ClCompile>
    <ClCompile Include="VkRenderPass.cpp">
      <Filter>vulkan</Filter>
    </ClCompile>
    <ClCompile Include="VkCommand.cpp">
      <Filter>vulkan</Filter>
    </ClCompile>
    <ClCompile Include="VkPipelineCache.cpp">
      <Filter>vulkan</Filter>
    </ClCompile>
    <ClCompile Include="VkMain.cpp">
      <Filter>vulkan</Filter>
    </ClCompile>
    <ClCompile Include="VkScene.cpp">
      <Filter>vulkan</Filter>
    </ClCompile>
    <ClCompile Include="VkFramework.cpp">
      <Filter>vulkan</Filter>
    </ClCompile>
    <ClCompile Include="VkTexture.cpp">
      <Filter>vulkan</Filter>
    </ClCompile>
    <ClCompile Include="VkBuffer.cpp">
      <Filter>vulkan</Filter>
    </ClCompile>
    <ClCompile Include="VkUtils.cpp">
      <Filter>vulkan</Filter>
    </ClCompile>
    <ClCompile Include="VkDevice.cpp">
      <Filter>vulkan</Filter>
    </ClCompile>
    <ClCompile Include="VkSwapChain.cpp">
      <Filter>vulkan</Filter>
    </ClCompile>
    <ClCompile Include="VkModel.cpp">
      <Filter>vulkan</Filter>
    </ClCompile>
  </ItemGroup>
  <ItemGroup>
    <Filter Include="vulkan">
      <UniqueIdentifier>{f385478d-8963-4d9a-9699-7861763e099b}</UniqueIdentifier>
    </Filter>
  </ItemGroup>
  <ItemGroup>
    <None Include=".gitignore" />
  </ItemGroup>
</Project>